// !$*UTF8*$!
{
	archiveVersion = 1;
	classes = {
	};
	objectVersion = 56;
	objects = {

/* Begin PBXBuildFile section */
		8CA43BF429168ECD008AA8E5 /* AppDelegate.swift in Sources */ = {isa = PBXBuildFile; fileRef = 8CA43BF329168ECD008AA8E5 /* AppDelegate.swift */; };
		8CA43BF629168ECD008AA8E5 /* SceneDelegate.swift in Sources */ = {isa = PBXBuildFile; fileRef = 8CA43BF529168ECD008AA8E5 /* SceneDelegate.swift */; };
		8CA43BF829168ECD008AA8E5 /* ViewController.swift in Sources */ = {isa = PBXBuildFile; fileRef = 8CA43BF729168ECD008AA8E5 /* ViewController.swift */; };
		8CA43BFB29168ECD008AA8E5 /* Main.storyboard in Resources */ = {isa = PBXBuildFile; fileRef = 8CA43BF929168ECD008AA8E5 /* Main.storyboard */; };
		8CA43BFD29168ECE008AA8E5 /* Assets.xcassets in Resources */ = {isa = PBXBuildFile; fileRef = 8CA43BFC29168ECE008AA8E5 /* Assets.xcassets */; };
		8CA43C0029168ECE008AA8E5 /* LaunchScreen.storyboard in Resources */ = {isa = PBXBuildFile; fileRef = 8CA43BFE29168ECE008AA8E5 /* LaunchScreen.storyboard */; };
		8CA43C0B29168ECE008AA8E5 /* Button_change_practiceTests.swift in Sources */ = {isa = PBXBuildFile; fileRef = 8CA43C0A29168ECE008AA8E5 /* Button_change_practiceTests.swift */; };
		8CA43C1529168ECE008AA8E5 /* Button_change_practiceUITests.swift in Sources */ = {isa = PBXBuildFile; fileRef = 8CA43C1429168ECE008AA8E5 /* Button_change_practiceUITests.swift */; };
		8CA43C1729168ECE008AA8E5 /* Button_change_practiceUITestsLaunchTests.swift in Sources */ = {isa = PBXBuildFile; fileRef = 8CA43C1629168ECE008AA8E5 /* Button_change_practiceUITestsLaunchTests.swift */; };
/* End PBXBuildFile section */

/* Begin PBXContainerItemProxy section */
		8CA43C0729168ECE008AA8E5 /* PBXContainerItemProxy */ = {
			isa = PBXContainerItemProxy;
			containerPortal = 8CA43BE829168ECD008AA8E5 /* Project object */;
			proxyType = 1;
			remoteGlobalIDString = 8CA43BEF29168ECD008AA8E5;
			remoteInfo = "Button change practice";
		};
		8CA43C1129168ECE008AA8E5 /* PBXContainerItemProxy */ = {
			isa = PBXContainerItemProxy;
			containerPortal = 8CA43BE829168ECD008AA8E5 /* Project object */;
			proxyType = 1;
			remoteGlobalIDString = 8CA43BEF29168ECD008AA8E5;
			remoteInfo = "Button change practice";
		};
/* End PBXContainerItemProxy section */

/* Begin PBXFileReference section */
		8CA43BF029168ECD008AA8E5 /* Button change practice.app */ = {isa = PBXFileReference; explicitFileType = wrapper.application; includeInIndex = 0; path = "Button change practice.app"; sourceTree = BUILT_PRODUCTS_DIR; };
		8CA43BF329168ECD008AA8E5 /* AppDelegate.swift */ = {isa = PBXFileReference; lastKnownFileType = sourcecode.swift; path = AppDelegate.swift; sourceTree = "<group>"; };
		8CA43BF529168ECD008AA8E5 /* SceneDelegate.swift */ = {isa = PBXFileReference; lastKnownFileType = sourcecode.swift; path = SceneDelegate.swift; sourceTree = "<group>"; };
		8CA43BF729168ECD008AA8E5 /* ViewController.swift */ = {isa = PBXFileReference; lastKnownFileType = sourcecode.swift; path = ViewController.swift; sourceTree = "<group>"; };
		8CA43BFA29168ECD008AA8E5 /* Base */ = {isa = PBXFileReference; lastKnownFileType = file.storyboard; name = Base; path = Base.lproj/Main.storyboard; sourceTree = "<group>"; };
		8CA43BFC29168ECE008AA8E5 /* Assets.xcassets */ = {isa = PBXFileReference; lastKnownFileType = folder.assetcatalog; path = Assets.xcassets; sourceTree = "<group>"; };
		8CA43BFF29168ECE008AA8E5 /* Base */ = {isa = PBXFileReference; lastKnownFileType = file.storyboard; name = Base; path = Base.lproj/LaunchScreen.storyboard; sourceTree = "<group>"; };
		8CA43C0129168ECE008AA8E5 /* Info.plist */ = {isa = PBXFileReference; lastKnownFileType = text.plist.xml; path = Info.plist; sourceTree = "<group>"; };
		8CA43C0629168ECE008AA8E5 /* Button change practiceTests.xctest */ = {isa = PBXFileReference; explicitFileType = wrapper.cfbundle; includeInIndex = 0; path = "Button change practiceTests.xctest"; sourceTree = BUILT_PRODUCTS_DIR; };
		8CA43C0A29168ECE008AA8E5 /* Button_change_practiceTests.swift */ = {isa = PBXFileReference; lastKnownFileType = sourcecode.swift; path = Button_change_practiceTests.swift; sourceTree = "<group>"; };
		8CA43C1029168ECE008AA8E5 /* Button change practiceUITests.xctest */ = {isa = PBXFileReference; explicitFileType = wrapper.cfbundle; includeInIndex = 0; path = "Button change practiceUITests.xctest"; sourceTree = BUILT_PRODUCTS_DIR; };
		8CA43C1429168ECE008AA8E5 /* Button_change_practiceUITests.swift */ = {isa = PBXFileReference; lastKnownFileType = sourcecode.swift; path = Button_change_practiceUITests.swift; sourceTree = "<group>"; };
		8CA43C1629168ECE008AA8E5 /* Button_change_practiceUITestsLaunchTests.swift */ = {isa = PBXFileReference; lastKnownFileType = sourcecode.swift; path = Button_change_practiceUITestsLaunchTests.swift; sourceTree = "<group>"; };
/* End PBXFileReference section */

/* Begin PBXFrameworksBuildPhase section */
		8CA43BED29168ECD008AA8E5 /* Frameworks */ = {
			isa = PBXFrameworksBuildPhase;
			buildActionMask = 2147483647;
			files = (
			);
			runOnlyForDeploymentPostprocessing = 0;
		};
		8CA43C0329168ECE008AA8E5 /* Frameworks */ = {
			isa = PBXFrameworksBuildPhase;
			buildActionMask = 2147483647;
			files = (
			);
			runOnlyForDeploymentPostprocessing = 0;
		};
		8CA43C0D29168ECE008AA8E5 /* Frameworks */ = {
			isa = PBXFrameworksBuildPhase;
			buildActionMask = 2147483647;
			files = (
			);
			runOnlyForDeploymentPostprocessing = 0;
		};
/* End PBXFrameworksBuildPhase section */

/* Begin PBXGroup section */
		8CA43BE729168ECD008AA8E5 = {
			isa = PBXGroup;
			children = (
				8CA43BF229168ECD008AA8E5 /* Button change practice */,
				8CA43C0929168ECE008AA8E5 /* Button change practiceTests */,
				8CA43C1329168ECE008AA8E5 /* Button change practiceUITests */,
				8CA43BF129168ECD008AA8E5 /* Products */,
			);
			sourceTree = "<group>";
		};
		8CA43BF129168ECD008AA8E5 /* Products */ = {
			isa = PBXGroup;
			children = (
				8CA43BF029168ECD008AA8E5 /* Button change practice.app */,
				8CA43C0629168ECE008AA8E5 /* Button change practiceTests.xctest */,
				8CA43C1029168ECE008AA8E5 /* Button change practiceUITests.xctest */,
			);
			name = Products;
			sourceTree = "<group>";
		};
		8CA43BF229168ECD008AA8E5 /* Button change practice */ = {
			isa = PBXGroup;
			children = (
				8CA43BF329168ECD008AA8E5 /* AppDelegate.swift */,
				8CA43BF529168ECD008AA8E5 /* SceneDelegate.swift */,
				8CA43BF729168ECD008AA8E5 /* ViewController.swift */,
				8CA43BF929168ECD008AA8E5 /* Main.storyboard */,
				8CA43BFC29168ECE008AA8E5 /* Assets.xcassets */,
				8CA43BFE29168ECE008AA8E5 /* LaunchScreen.storyboard */,
				8CA43C0129168ECE008AA8E5 /* Info.plist */,
			);
			path = "Button change practice";
			sourceTree = "<group>";
		};
		8CA43C0929168ECE008AA8E5 /* Button change practiceTests */ = {
			isa = PBXGroup;
			children = (
				8CA43C0A29168ECE008AA8E5 /* Button_change_practiceTests.swift */,
			);
			path = "Button change practiceTests";
			sourceTree = "<group>";
		};
		8CA43C1329168ECE008AA8E5 /* Button change practiceUITests */ = {
			isa = PBXGroup;
			children = (
				8CA43C1429168ECE008AA8E5 /* Button_change_practiceUITests.swift */,
				8CA43C1629168ECE008AA8E5 /* Button_change_practiceUITestsLaunchTests.swift */,
			);
			path = "Button change practiceUITests";
			sourceTree = "<group>";
		};
/* End PBXGroup section */

/* Begin PBXNativeTarget section */
		8CA43BEF29168ECD008AA8E5 /* Button change practice */ = {
			isa = PBXNativeTarget;
			buildConfigurationList = 8CA43C1A29168ECE008AA8E5 /* Build configuration list for PBXNativeTarget "Button change practice" */;
			buildPhases = (
				8CA43BEC29168ECD008AA8E5 /* Sources */,
				8CA43BED29168ECD008AA8E5 /* Frameworks */,
				8CA43BEE29168ECD008AA8E5 /* Resources */,
			);
			buildRules = (
			);
			dependencies = (
			);
			name = "Button change practice";
			productName = "Button change practice";
			productReference = 8CA43BF029168ECD008AA8E5 /* Button change practice.app */;
			productType = "com.apple.product-type.application";
		};
		8CA43C0529168ECE008AA8E5 /* Button change practiceTests */ = {
			isa = PBXNativeTarget;
			buildConfigurationList = 8CA43C1D29168ECE008AA8E5 /* Build configuration list for PBXNativeTarget "Button change practiceTests" */;
			buildPhases = (
				8CA43C0229168ECE008AA8E5 /* Sources */,
				8CA43C0329168ECE008AA8E5 /* Frameworks */,
				8CA43C0429168ECE008AA8E5 /* Resources */,
			);
			buildRules = (
			);
			dependencies = (
				8CA43C0829168ECE008AA8E5 /* PBXTargetDependency */,
			);
			name = "Button change practiceTests";
			productName = "Button change practiceTests";
			productReference = 8CA43C0629168ECE008AA8E5 /* Button change practiceTests.xctest */;
			productType = "com.apple.product-type.bundle.unit-test";
		};
		8CA43C0F29168ECE008AA8E5 /* Button change practiceUITests */ = {
			isa = PBXNativeTarget;
			buildConfigurationList = 8CA43C2029168ECE008AA8E5 /* Build configuration list for PBXNativeTarget "Button change practiceUITests" */;
			buildPhases = (
				8CA43C0C29168ECE008AA8E5 /* Sources */,
				8CA43C0D29168ECE008AA8E5 /* Frameworks */,
				8CA43C0E29168ECE008AA8E5 /* Resources */,
			);
			buildRules = (
			);
			dependencies = (
				8CA43C1229168ECE008AA8E5 /* PBXTargetDependency */,
			);
			name = "Button change practiceUITests";
			productName = "Button change practiceUITests";
			productReference = 8CA43C1029168ECE008AA8E5 /* Button change practiceUITests.xctest */;
			productType = "com.apple.product-type.bundle.ui-testing";
		};
/* End PBXNativeTarget section */

/* Begin PBXProject section */
		8CA43BE829168ECD008AA8E5 /* Project object */ = {
			isa = PBXProject;
			attributes = {
				BuildIndependentTargetsInParallel = 1;
				LastSwiftUpdateCheck = 1400;
				LastUpgradeCheck = 1400;
				TargetAttributes = {
					8CA43BEF29168ECD008AA8E5 = {
						CreatedOnToolsVersion = 14.0.1;
					};
					8CA43C0529168ECE008AA8E5 = {
						CreatedOnToolsVersion = 14.0.1;
						TestTargetID = 8CA43BEF29168ECD008AA8E5;
					};
					8CA43C0F29168ECE008AA8E5 = {
						CreatedOnToolsVersion = 14.0.1;
						TestTargetID = 8CA43BEF29168ECD008AA8E5;
					};
				};
			};
			buildConfigurationList = 8CA43BEB29168ECD008AA8E5 /* Build configuration list for PBXProject "Button change practice" */;
			compatibilityVersion = "Xcode 14.0";
			developmentRegion = en;
			hasScannedForEncodings = 0;
			knownRegions = (
				en,
				Base,
			);
			mainGroup = 8CA43BE729168ECD008AA8E5;
			productRefGroup = 8CA43BF129168ECD008AA8E5 /* Products */;
			projectDirPath = "";
			projectRoot = "";
			targets = (
				8CA43BEF29168ECD008AA8E5 /* Button change practice */,
				8CA43C0529168ECE008AA8E5 /* Button change practiceTests */,
				8CA43C0F29168ECE008AA8E5 /* Button change practiceUITests */,
			);
		};
/* End PBXProject section */

/* Begin PBXResourcesBuildPhase section */
		8CA43BEE29168ECD008AA8E5 /* Resources */ = {
			isa = PBXResourcesBuildPhase;
			buildActionMask = 2147483647;
			files = (
				8CA43C0029168ECE008AA8E5 /* LaunchScreen.storyboard in Resources */,
				8CA43BFD29168ECE008AA8E5 /* Assets.xcassets in Resources */,
				8CA43BFB29168ECD008AA8E5 /* Main.storyboard in Resources */,
			);
			runOnlyForDeploymentPostprocessing = 0;
		};
		8CA43C0429168ECE008AA8E5 /* Resources */ = {
			isa = PBXResourcesBuildPhase;
			buildActionMask = 2147483647;
			files = (
			);
			runOnlyForDeploymentPostprocessing = 0;
		};
		8CA43C0E29168ECE008AA8E5 /* Resources */ = {
			isa = PBXResourcesBuildPhase;
			buildActionMask = 2147483647;
			files = (
			);
			runOnlyForDeploymentPostprocessing = 0;
		};
/* End PBXResourcesBuildPhase section */

/* Begin PBXSourcesBuildPhase section */
		8CA43BEC29168ECD008AA8E5 /* Sources */ = {
			isa = PBXSourcesBuildPhase;
			buildActionMask = 2147483647;
			files = (
				8CA43BF829168ECD008AA8E5 /* ViewController.swift in Sources */,
				8CA43BF429168ECD008AA8E5 /* AppDelegate.swift in Sources */,
				8CA43BF629168ECD008AA8E5 /* SceneDelegate.swift in Sources */,
			);
			runOnlyForDeploymentPostprocessing = 0;
		};
		8CA43C0229168ECE008AA8E5 /* Sources */ = {
			isa = PBXSourcesBuildPhase;
			buildActionMask = 2147483647;
			files = (
				8CA43C0B29168ECE008AA8E5 /* Button_change_practiceTests.swift in Sources */,
			);
			runOnlyForDeploymentPostprocessing = 0;
		};
		8CA43C0C29168ECE008AA8E5 /* Sources */ = {
			isa = PBXSourcesBuildPhase;
			buildActionMask = 2147483647;
			files = (
				8CA43C1529168ECE008AA8E5 /* Button_change_practiceUITests.swift in Sources */,
				8CA43C1729168ECE008AA8E5 /* Button_change_practiceUITestsLaunchTests.swift in Sources */,
			);
			runOnlyForDeploymentPostprocessing = 0;
		};
/* End PBXSourcesBuildPhase section */

/* Begin PBXTargetDependency section */
		8CA43C0829168ECE008AA8E5 /* PBXTargetDependency */ = {
			isa = PBXTargetDependency;
			target = 8CA43BEF29168ECD008AA8E5 /* Button change practice */;
			targetProxy = 8CA43C0729168ECE008AA8E5 /* PBXContainerItemProxy */;
		};
		8CA43C1229168ECE008AA8E5 /* PBXTargetDependency */ = {
			isa = PBXTargetDependency;
			target = 8CA43BEF29168ECD008AA8E5 /* Button change practice */;
			targetProxy = 8CA43C1129168ECE008AA8E5 /* PBXContainerItemProxy */;
		};
/* End PBXTargetDependency section */

/* Begin PBXVariantGroup section */
		8CA43BF929168ECD008AA8E5 /* Main.storyboard */ = {
			isa = PBXVariantGroup;
			children = (
				8CA43BFA29168ECD008AA8E5 /* Base */,
			);
			name = Main.storyboard;
			sourceTree = "<group>";
		};
		8CA43BFE29168ECE008AA8E5 /* LaunchScreen.storyboard */ = {
			isa = PBXVariantGroup;
			children = (
				8CA43BFF29168ECE008AA8E5 /* Base */,
			);
			name = LaunchScreen.storyboard;
			sourceTree = "<group>";
		};
/* End PBXVariantGroup section */

/* Begin XCBuildConfiguration section */
		8CA43C1829168ECE008AA8E5 /* Debug */ = {
			isa = XCBuildConfiguration;
			buildSettings = {
				ALWAYS_SEARCH_USER_PATHS = NO;
				CLANG_ANALYZER_NONNULL = YES;
				CLANG_ANALYZER_NUMBER_OBJECT_CONVERSION = YES_AGGRESSIVE;
				CLANG_CXX_LANGUAGE_STANDARD = "gnu++20";
				CLANG_ENABLE_MODULES = YES;
				CLANG_ENABLE_OBJC_ARC = YES;
				CLANG_ENABLE_OBJC_WEAK = YES;
				CLANG_WARN_BLOCK_CAPTURE_AUTORELEASING = YES;
				CLANG_WARN_BOOL_CONVERSION = YES;
				CLANG_WARN_COMMA = YES;
				CLANG_WARN_CONSTANT_CONVERSION = YES;
				CLANG_WARN_DEPRECATED_OBJC_IMPLEMENTATIONS = YES;
				CLANG_WARN_DIRECT_OBJC_ISA_USAGE = YES_ERROR;
				CLANG_WARN_DOCUMENTATION_COMMENTS = YES;
				CLANG_WARN_EMPTY_BODY = YES;
				CLANG_WARN_ENUM_CONVERSION = YES;
				CLANG_WARN_INFINITE_RECURSION = YES;
				CLANG_WARN_INT_CONVERSION = YES;
				CLANG_WARN_NON_LITERAL_NULL_CONVERSION = YES;
				CLANG_WARN_OBJC_IMPLICIT_RETAIN_SELF = YES;
				CLANG_WARN_OBJC_LITERAL_CONVERSION = YES;
				CLANG_WARN_OBJC_ROOT_CLASS = YES_ERROR;
				CLANG_WARN_QUOTED_INCLUDE_IN_FRAMEWORK_HEADER = YES;
				CLANG_WARN_RANGE_LOOP_ANALYSIS = YES;
				CLANG_WARN_STRICT_PROTOTYPES = YES;
				CLANG_WARN_SUSPICIOUS_MOVE = YES;
				CLANG_WARN_UNGUARDED_AVAILABILITY = YES_AGGRESSIVE;
				CLANG_WARN_UNREACHABLE_CODE = YES;
				CLANG_WARN__DUPLICATE_METHOD_MATCH = YES;
				COPY_PHASE_STRIP = NO;
				DEBUG_INFORMATION_FORMAT = dwarf;
				ENABLE_STRICT_OBJC_MSGSEND = YES;
				ENABLE_TESTABILITY = YES;
				GCC_C_LANGUAGE_STANDARD = gnu11;
				GCC_DYNAMIC_NO_PIC = NO;
				GCC_NO_COMMON_BLOCKS = YES;
				GCC_OPTIMIZATION_LEVEL = 0;
				GCC_PREPROCESSOR_DEFINITIONS = (
					"DEBUG=1",
					"$(inherited)",
				);
				GCC_WARN_64_TO_32_BIT_CONVERSION = YES;
				GCC_WARN_ABOUT_RETURN_TYPE = YES_ERROR;
				GCC_WARN_UNDECLARED_SELECTOR = YES;
				GCC_WARN_UNINITIALIZED_AUTOS = YES_AGGRESSIVE;
				GCC_WARN_UNUSED_FUNCTION = YES;
				GCC_WARN_UNUSED_VARIABLE = YES;
				IPHONEOS_DEPLOYMENT_TARGET = 16.0;
				MTL_ENABLE_DEBUG_INFO = INCLUDE_SOURCE;
				MTL_FAST_MATH = YES;
				ONLY_ACTIVE_ARCH = YES;
				SDKROOT = iphoneos;
				SWIFT_ACTIVE_COMPILATION_CONDITIONS = DEBUG;
				SWIFT_OPTIMIZATION_LEVEL = "-Onone";
			};
			name = Debug;
		};
		8CA43C1929168ECE008AA8E5 /* Release */ = {
			isa = XCBuildConfiguration;
			buildSettings = {
				ALWAYS_SEARCH_USER_PATHS = NO;
				CLANG_ANALYZER_NONNULL = YES;
				CLANG_ANALYZER_NUMBER_OBJECT_CONVERSION = YES_AGGRESSIVE;
				CLANG_CXX_LANGUAGE_STANDARD = "gnu++20";
				CLANG_ENABLE_MODULES = YES;
				CLANG_ENABLE_OBJC_ARC = YES;
				CLANG_ENABLE_OBJC_WEAK = YES;
				CLANG_WARN_BLOCK_CAPTURE_AUTORELEASING = YES;
				CLANG_WARN_BOOL_CONVERSION = YES;
				CLANG_WARN_COMMA = YES;
				CLANG_WARN_CONSTANT_CONVERSION = YES;
				CLANG_WARN_DEPRECATED_OBJC_IMPLEMENTATIONS = YES;
				CLANG_WARN_DIRECT_OBJC_ISA_USAGE = YES_ERROR;
				CLANG_WARN_DOCUMENTATION_COMMENTS = YES;
				CLANG_WARN_EMPTY_BODY = YES;
				CLANG_WARN_ENUM_CONVERSION = YES;
				CLANG_WARN_INFINITE_RECURSION = YES;
				CLANG_WARN_INT_CONVERSION = YES;
				CLANG_WARN_NON_LITERAL_NULL_CONVERSION = YES;
				CLANG_WARN_OBJC_IMPLICIT_RETAIN_SELF = YES;
				CLANG_WARN_OBJC_LITERAL_CONVERSION = YES;
				CLANG_WARN_OBJC_ROOT_CLASS = YES_ERROR;
				CLANG_WARN_QUOTED_INCLUDE_IN_FRAMEWORK_HEADER = YES;
				CLANG_WARN_RANGE_LOOP_ANALYSIS = YES;
				CLANG_WARN_STRICT_PROTOTYPES = YES;
				CLANG_WARN_SUSPICIOUS_MOVE = YES;
				CLANG_WARN_UNGUARDED_AVAILABILITY = YES_AGGRESSIVE;
				CLANG_WARN_UNREACHABLE_CODE = YES;
				CLANG_WARN__DUPLICATE_METHOD_MATCH = YES;
				COPY_PHASE_STRIP = NO;
				DEBUG_INFORMATION_FORMAT = "dwarf-with-dsym";
				ENABLE_NS_ASSERTIONS = NO;
				ENABLE_STRICT_OBJC_MSGSEND = YES;
				GCC_C_LANGUAGE_STANDARD = gnu11;
				GCC_NO_COMMON_BLOCKS = YES;
				GCC_WARN_64_TO_32_BIT_CONVERSION = YES;
				GCC_WARN_ABOUT_RETURN_TYPE = YES_ERROR;
				GCC_WARN_UNDECLARED_SELECTOR = YES;
				GCC_WARN_UNINITIALIZED_AUTOS = YES_AGGRESSIVE;
				GCC_WARN_UNUSED_FUNCTION = YES;
				GCC_WARN_UNUSED_VARIABLE = YES;
				IPHONEOS_DEPLOYMENT_TARGET = 16.0;
				MTL_ENABLE_DEBUG_INFO = NO;
				MTL_FAST_MATH = YES;
				SDKROOT = iphoneos;
				SWIFT_COMPILATION_MODE = wholemodule;
				SWIFT_OPTIMIZATION_LEVEL = "-O";
				VALIDATE_PRODUCT = YES;
			};
			name = Release;
		};
		8CA43C1B29168ECE008AA8E5 /* Debug */ = {
			isa = XCBuildConfiguration;
			buildSettings = {
				ASSETCATALOG_COMPILER_APPICON_NAME = AppIcon;
				ASSETCATALOG_COMPILER_GLOBAL_ACCENT_COLOR_NAME = AccentColor;
				CODE_SIGN_STYLE = Automatic;
				CURRENT_PROJECT_VERSION = 1;
				GENERATE_INFOPLIST_FILE = YES;
				INFOPLIST_FILE = "Button change practice/Info.plist";
				INFOPLIST_KEY_UIApplicationSupportsIndirectInputEvents = YES;
				INFOPLIST_KEY_UILaunchStoryboardName = LaunchScreen;
				INFOPLIST_KEY_UIMainStoryboardFile = Main;
				INFOPLIST_KEY_UISupportedInterfaceOrientations_iPad = "UIInterfaceOrientationPortrait UIInterfaceOrientationPortraitUpsideDown UIInterfaceOrientationLandscapeLeft UIInterfaceOrientationLandscapeRight";
				INFOPLIST_KEY_UISupportedInterfaceOrientations_iPhone = "UIInterfaceOrientationPortrait UIInterfaceOrientationLandscapeLeft UIInterfaceOrientationLandscapeRight";
				LD_RUNPATH_SEARCH_PATHS = (
					"$(inherited)",
					"@executable_path/Frameworks",
				);
				MARKETING_VERSION = 1.0;
				PRODUCT_BUNDLE_IDENTIFIER = "donghee.Button-change-practice";
				PRODUCT_NAME = "$(TARGET_NAME)";
				SWIFT_EMIT_LOC_STRINGS = YES;
				SWIFT_VERSION = 5.0;
				TARGETED_DEVICE_FAMILY = "1,2";
			};
			name = Debug;
		};
		8CA43C1C29168ECE008AA8E5 /* Release */ = {
			isa = XCBuildConfiguration;
			buildSettings = {
				ASSETCATALOG_COMPILER_APPICON_NAME = AppIcon;
				ASSETCATALOG_COMPILER_GLOBAL_ACCENT_COLOR_NAME = AccentColor;
				CODE_SIGN_STYLE = Automatic;
				CURRENT_PROJECT_VERSION = 1;
				GENERATE_INFOPLIST_FILE = YES;
				INFOPLIST_FILE = "Button change practice/Info.plist";
				INFOPLIST_KEY_UIApplicationSupportsIndirectInputEvents = YES;
				INFOPLIST_KEY_UILaunchStoryboardName = LaunchScreen;
				INFOPLIST_KEY_UIMainStoryboardFile = Main;
				INFOPLIST_KEY_UISupportedInterfaceOrientations_iPad = "UIInterfaceOrientationPortrait UIInterfaceOrientationPortraitUpsideDown UIInterfaceOrientationLandscapeLeft UIInterfaceOrientationLandscapeRight";
				INFOPLIST_KEY_UISupportedInterfaceOrientations_iPhone = "UIInterfaceOrientationPortrait UIInterfaceOrientationLandscapeLeft UIInterfaceOrientationLandscapeRight";
				LD_RUNPATH_SEARCH_PATHS = (
					"$(inherited)",
					"@executable_path/Frameworks",
				);
				MARKETING_VERSION = 1.0;
				PRODUCT_BUNDLE_IDENTIFIER = "donghee.Button-change-practice";
				PRODUCT_NAME = "$(TARGET_NAME)";
				SWIFT_EMIT_LOC_STRINGS = YES;
				SWIFT_VERSION = 5.0;
				TARGETED_DEVICE_FAMILY = "1,2";
			};
			name = Release;
		};
		8CA43C1E29168ECE008AA8E5 /* Debug */ = {
			isa = XCBuildConfiguration;
			buildSettings = {
				ALWAYS_EMBED_SWIFT_STANDARD_LIBRARIES = YES;
				BUNDLE_LOADER = "$(TEST_HOST)";
				CODE_SIGN_STYLE = Automatic;
				CURRENT_PROJECT_VERSION = 1;
				GENERATE_INFOPLIST_FILE = YES;
				IPHONEOS_DEPLOYMENT_TARGET = 16.0;
				MARKETING_VERSION = 1.0;
				PRODUCT_BUNDLE_IDENTIFIER = "donghee.Button-change-practiceTests";
				PRODUCT_NAME = "$(TARGET_NAME)";
				SWIFT_EMIT_LOC_STRINGS = NO;
				SWIFT_VERSION = 5.0;
				TARGETED_DEVICE_FAMILY = "1,2";
				TEST_HOST = "$(BUILT_PRODUCTS_DIR)/Button change practice.app/$(BUNDLE_EXECUTABLE_FOLDER_PATH)/Button change practice";
			};
			name = Debug;
		};
		8CA43C1F29168ECE008AA8E5 /* Release */ = {
			isa = XCBuildConfiguration;
			buildSettings = {
				ALWAYS_EMBED_SWIFT_STANDARD_LIBRARIES = YES;
				BUNDLE_LOADER = "$(TEST_HOST)";
				CODE_SIGN_STYLE = Automatic;
				CURRENT_PROJECT_VERSION = 1;
				GENERATE_INFOPLIST_FILE = YES;
				IPHONEOS_DEPLOYMENT_TARGET = 16.0;
				MARKETING_VERSION = 1.0;
				PRODUCT_BUNDLE_IDENTIFIER = "donghee.Button-change-practiceTests";
				PRODUCT_NAME = "$(TARGET_NAME)";
				SWIFT_EMIT_LOC_STRINGS = NO;
				SWIFT_VERSION = 5.0;
				TARGETED_DEVICE_FAMILY = "1,2";
				TEST_HOST = "$(BUILT_PRODUCTS_DIR)/Button change practice.app/$(BUNDLE_EXECUTABLE_FOLDER_PATH)/Button change practice";
			};
			name = Release;
		};
		8CA43C2129168ECE008AA8E5 /* Debug */ = {
			isa = XCBuildConfiguration;
			buildSettings = {
				ALWAYS_EMBED_SWIFT_STANDARD_LIBRARIES = YES;
				CODE_SIGN_STYLE = Automatic;
				CURRENT_PROJECT_VERSION = 1;
				GENERATE_INFOPLIST_FILE = YES;
				MARKETING_VERSION = 1.0;
				PRODUCT_BUNDLE_IDENTIFIER = "donghee.Button-change-practiceUITests";
				PRODUCT_NAME = "$(TARGET_NAME)";
				SWIFT_EMIT_LOC_STRINGS = NO;
				SWIFT_VERSION = 5.0;
				TARGETED_DEVICE_FAMILY = "1,2";
				TEST_TARGET_NAME = "Button change practice";
			};
			name = Debug;
		};
		8CA43C2229168ECE008AA8E5 /* Release */ = {
			isa = XCBuildConfiguration;
			buildSettings = {
				ALWAYS_EMBED_SWIFT_STANDARD_LIBRARIES = YES;
				CODE_SIGN_STYLE = Automatic;
				CURRENT_PROJECT_VERSION = 1;
				GENERATE_INFOPLIST_FILE = YES;
				MARKETING_VERSION = 1.0;
				PRODUCT_BUNDLE_IDENTIFIER = "donghee.Button-change-practiceUITests";
				PRODUCT_NAME = "$(TARGET_NAME)";
				SWIFT_EMIT_LOC_STRINGS = NO;
				SWIFT_VERSION = 5.0;
				TARGETED_DEVICE_FAMILY = "1,2";
				TEST_TARGET_NAME = "Button change practice";
			};
			name = Release;
		};
/* End XCBuildConfiguration section */

/* Begin XCConfigurationList section */
		8CA43BEB29168ECD008AA8E5 /* Build configuration list for PBXProject "Button change practice" */ = {
			isa = XCConfigurationList;
			buildConfigurations = (
				8CA43C1829168ECE008AA8E5 /* Debug */,
				8CA43C1929168ECE008AA8E5 /* Release */,
			);
			defaultConfigurationIsVisible = 0;
			defaultConfigurationName = Release;
		};
		8CA43C1A29168ECE008AA8E5 /* Build configuration list for PBXNativeTarget "Button change practice" */ = {
			isa = XCConfigurationList;
			buildConfigurations = (
				8CA43C1B29168ECE008AA8E5 /* Debug */,
				8CA43C1C29168ECE008AA8E5 /* Release */,
			);
			defaultConfigurationIsVisible = 0;
			defaultConfigurationName = Release;
		};
		8CA43C1D29168ECE008AA8E5 /* Build configuration list for PBXNativeTarget "Button change practiceTests" */ = {
			isa = XCConfigurationList;
			buildConfigurations = (
				8CA43C1E29168ECE008AA8E5 /* Debug */,
				8CA43C1F29168ECE008AA8E5 /* Release */,
			);
			defaultConfigurationIsVisible = 0;
			defaultConfigurationName = Release;
		};
		8CA43C2029168ECE008AA8E5 /* Build configuration list for PBXNativeTarget "Button change practiceUITests" */ = {
			isa = XCConfigurationList;
			buildConfigurations = (
				8CA43C2129168ECE008AA8E5 /* Debug */,
				8CA43C2229168ECE008AA8E5 /* Release */,
			);
			defaultConfigurationIsVisible = 0;
			defaultConfigurationName = Release;
		};
/* End XCConfigurationList section */
	};
	rootObject = 8CA43BE829168ECD008AA8E5 /* Project object */;
}
